{
  "object": {
    "pins": [
      {
        "package": "ConfettiSwiftUI",
        "repositoryURL": "https://github.com/simibac/ConfettiSwiftUI.git",
        "state": {
          "branch": "master",
          "revision": "cab01453f51c70f18727a7607e80fe90e08c4218",
          "version": null
        }
      }
    ]
  },
  "version": 1
}
