// !$*UTF8*$!
{
	archiveVersion = 1;
	classes = {
	};
	objectVersion = 55;
	objects = {

/* Begin PBXBuildFile section */
		66A5818327B3CEEB00E3C951 /* QuotyFunApp.swift in Sources */ = {isa = PBXBuildFile; fileRef = 66A5818227B3CEEB00E3C951 /* QuotyFunApp.swift */; };
		66A5818527B3CEEB00E3C951 /* ContentView.swift in Sources */ = {isa = PBXBuildFile; fileRef = 66A5818427B3CEEB00E3C951 /* ContentView.swift */; };
		66A5818727B3CEF100E3C951 /* Assets.xcassets in Resources */ = {isa = PBXBuildFile; fileRef = 66A5818627B3CEF100E3C951 /* Assets.xcassets */; };
		66A5818A27B3CEF100E3C951 /* Preview Assets.xcassets in Resources */ = {isa = PBXBuildFile; fileRef = 66A5818927B3CEF100E3C951 /* Preview Assets.xcassets */; };
		66A5819527B3F33F00E3C951 /* HomeView.swift in Sources */ = {isa = PBXBuildFile; fileRef = 66A5819427B3F33F00E3C951 /* HomeView.swift */; };
		66A5819727B3F41100E3C951 /* LoginView.swift in Sources */ = {isa = PBXBuildFile; fileRef = 66A5819627B3F41100E3C951 /* LoginView.swift */; };
		66A5819927B40BBD00E3C951 /* SignUpView.swift in Sources */ = {isa = PBXBuildFile; fileRef = 66A5819827B40BBD00E3C951 /* SignUpView.swift */; };
		66A5819B27B4222100E3C951 /* AlertView.swift in Sources */ = {isa = PBXBuildFile; fileRef = 66A5819A27B4222100E3C951 /* AlertView.swift */; };
		66AAAF4A27B521F500956D8A /* GoogleService-Info.plist in Resources */ = {isa = PBXBuildFile; fileRef = 66AAAF4927B521F500956D8A /* GoogleService-Info.plist */; };
		73BD09B827DDB32520977893 /* Pods_QuotyFun.framework in Frameworks */ = {isa = PBXBuildFile; fileRef = 6B55E69520F978E132CF9A0C /* Pods_QuotyFun.framework */; };
/* End PBXBuildFile section */

/* Begin PBXFileReference section */
		04A4F7F1B9006AED93AD8C2E /* Pods-QuotyFun.debug.xcconfig */ = {isa = PBXFileReference; includeInIndex = 1; lastKnownFileType = text.xcconfig; name = "Pods-QuotyFun.debug.xcconfig"; path = "Target Support Files/Pods-QuotyFun/Pods-QuotyFun.debug.xcconfig"; sourceTree = "<group>"; };
		3E7B4CE35AD46B6BE6FC0317 /* Pods-QuotyFun.release.xcconfig */ = {isa = PBXFileReference; includeInIndex = 1; lastKnownFileType = text.xcconfig; name = "Pods-QuotyFun.release.xcconfig"; path = "Target Support Files/Pods-QuotyFun/Pods-QuotyFun.release.xcconfig"; sourceTree = "<group>"; };
		66A5817F27B3CEEB00E3C951 /* QuotyFun.app */ = {isa = PBXFileReference; explicitFileType = wrapper.application; includeInIndex = 0; path = QuotyFun.app; sourceTree = BUILT_PRODUCTS_DIR; };
		66A5818227B3CEEB00E3C951 /* QuotyFunApp.swift */ = {isa = PBXFileReference; lastKnownFileType = sourcecode.swift; path = QuotyFunApp.swift; sourceTree = "<group>"; };
		66A5818427B3CEEB00E3C951 /* ContentView.swift */ = {isa = PBXFileReference; lastKnownFileType = sourcecode.swift; path = ContentView.swift; sourceTree = "<group>"; };
		66A5818627B3CEF100E3C951 /* Assets.xcassets */ = {isa = PBXFileReference; lastKnownFileType = folder.assetcatalog; path = Assets.xcassets; sourceTree = "<group>"; };
		66A5818927B3CEF100E3C951 /* Preview Assets.xcassets */ = {isa = PBXFileReference; lastKnownFileType = folder.assetcatalog; path = "Preview Assets.xcassets"; sourceTree = "<group>"; };
		66A5819427B3F33F00E3C951 /* HomeView.swift */ = {isa = PBXFileReference; lastKnownFileType = sourcecode.swift; path = HomeView.swift; sourceTree = "<group>"; };
		66A5819627B3F41100E3C951 /* LoginView.swift */ = {isa = PBXFileReference; lastKnownFileType = sourcecode.swift; path = LoginView.swift; sourceTree = "<group>"; };
		66A5819827B40BBD00E3C951 /* SignUpView.swift */ = {isa = PBXFileReference; lastKnownFileType = sourcecode.swift; path = SignUpView.swift; sourceTree = "<group>"; };
		66A5819A27B4222100E3C951 /* AlertView.swift */ = {isa = PBXFileReference; lastKnownFileType = sourcecode.swift; path = AlertView.swift; sourceTree = "<group>"; };
		66AAAF4927B521F500956D8A /* GoogleService-Info.plist */ = {isa = PBXFileReference; fileEncoding = 4; lastKnownFileType = text.plist.xml; name = "GoogleService-Info.plist"; path = "../../../Downloads/GoogleService-Info.plist"; sourceTree = "<group>"; };
		6B55E69520F978E132CF9A0C /* Pods_QuotyFun.framework */ = {isa = PBXFileReference; explicitFileType = wrapper.framework; includeInIndex = 0; path = Pods_QuotyFun.framework; sourceTree = BUILT_PRODUCTS_DIR; };
/* End PBXFileReference section */

/* Begin PBXFrameworksBuildPhase section */
		66A5817C27B3CEEB00E3C951 /* Frameworks */ = {
			isa = PBXFrameworksBuildPhase;
			buildActionMask = 2147483647;
			files = (
				73BD09B827DDB32520977893 /* Pods_QuotyFun.framework in Frameworks */,
			);
			runOnlyForDeploymentPostprocessing = 0;
		};
/* End PBXFrameworksBuildPhase section */

/* Begin PBXGroup section */
		1E62E3257C8A7C3AC1736DB2 /* Frameworks */ = {
			isa = PBXGroup;
			children = (
				6B55E69520F978E132CF9A0C /* Pods_QuotyFun.framework */,
			);
			name = Frameworks;
			sourceTree = "<group>";
		};
		66A5817627B3CEEB00E3C951 = {
			isa = PBXGroup;
			children = (
				66A5818127B3CEEB00E3C951 /* QuotyFun */,
				66A5818027B3CEEB00E3C951 /* Products */,
				CC1523C94FBC29327184C802 /* Pods */,
				1E62E3257C8A7C3AC1736DB2 /* Frameworks */,
			);
			sourceTree = "<group>";
		};
		66A5818027B3CEEB00E3C951 /* Products */ = {
			isa = PBXGroup;
			children = (
				66A5817F27B3CEEB00E3C951 /* QuotyFun.app */,
			);
			name = Products;
			sourceTree = "<group>";
		};
		66A5818127B3CEEB00E3C951 /* QuotyFun */ = {
			isa = PBXGroup;
			children = (
				66AAAF4927B521F500956D8A /* GoogleService-Info.plist */,
				66A5819327B3DCB100E3C951 /* Utils */,
				66A5819227B3DCA800E3C951 /* ViewModel */,
				66A5819127B3DCA200E3C951 /* Model */,
				66A5819027B3DC9700E3C951 /* View */,
				66A5818227B3CEEB00E3C951 /* QuotyFunApp.swift */,
				66A5818627B3CEF100E3C951 /* Assets.xcassets */,
				66A5818827B3CEF100E3C951 /* Preview Content */,
			);
			path = QuotyFun;
			sourceTree = "<group>";
		};
		66A5818827B3CEF100E3C951 /* Preview Content */ = {
			isa = PBXGroup;
			children = (
				66A5818927B3CEF100E3C951 /* Preview Assets.xcassets */,
			);
			path = "Preview Content";
			sourceTree = "<group>";
		};
		66A5819027B3DC9700E3C951 /* View */ = {
			isa = PBXGroup;
			children = (
				66A5818427B3CEEB00E3C951 /* ContentView.swift */,
				66A5819427B3F33F00E3C951 /* HomeView.swift */,
				66A5819627B3F41100E3C951 /* LoginView.swift */,
				66A5819827B40BBD00E3C951 /* SignUpView.swift */,
				66A5819A27B4222100E3C951 /* AlertView.swift */,
			);
			path = View;
			sourceTree = "<group>";
		};
		66A5819127B3DCA200E3C951 /* Model */ = {
			isa = PBXGroup;
			children = (
			);
			path = Model;
			sourceTree = "<group>";
		};
		66A5819227B3DCA800E3C951 /* ViewModel */ = {
			isa = PBXGroup;
			children = (
			);
			path = ViewModel;
			sourceTree = "<group>";
		};
		66A5819327B3DCB100E3C951 /* Utils */ = {
			isa = PBXGroup;
			children = (
			);
			path = Utils;
			sourceTree = "<group>";
		};
		CC1523C94FBC29327184C802 /* Pods */ = {
			isa = PBXGroup;
			children = (
				04A4F7F1B9006AED93AD8C2E /* Pods-QuotyFun.debug.xcconfig */,
				3E7B4CE35AD46B6BE6FC0317 /* Pods-QuotyFun.release.xcconfig */,
			);
			path = Pods;
			sourceTree = "<group>";
		};
/* End PBXGroup section */

/* Begin PBXNativeTarget section */
		66A5817E27B3CEEB00E3C951 /* QuotyFun */ = {
			isa = PBXNativeTarget;
			buildConfigurationList = 66A5818D27B3CEF100E3C951 /* Build configuration list for PBXNativeTarget "QuotyFun" */;
			buildPhases = (
				B6977C42A4B2CB316606731D /* [CP] Check Pods Manifest.lock */,
				66A5817B27B3CEEB00E3C951 /* Sources */,
				66A5817C27B3CEEB00E3C951 /* Frameworks */,
				66A5817D27B3CEEB00E3C951 /* Resources */,
				B82EC7810BDC720ECEB2276B /* [CP] Embed Pods Frameworks */,
			);
			buildRules = (
			);
			dependencies = (
			);
			name = QuotyFun;
			productName = QuotyFun;
			productReference = 66A5817F27B3CEEB00E3C951 /* QuotyFun.app */;
			productType = "com.apple.product-type.application";
		};
/* End PBXNativeTarget section */

/* Begin PBXProject section */
		66A5817727B3CEEB00E3C951 /* Project object */ = {
			isa = PBXProject;
			attributes = {
				BuildIndependentTargetsInParallel = 1;
				LastSwiftUpdateCheck = 1320;
				LastUpgradeCheck = 1320;
				TargetAttributes = {
					66A5817E27B3CEEB00E3C951 = {
						CreatedOnToolsVersion = 13.2.1;
					};
				};
			};
			buildConfigurationList = 66A5817A27B3CEEB00E3C951 /* Build configuration list for PBXProject "QuotyFun" */;
			compatibilityVersion = "Xcode 13.0";
			developmentRegion = en;
			hasScannedForEncodings = 0;
			knownRegions = (
				en,
				Base,
			);
			mainGroup = 66A5817627B3CEEB00E3C951;
			productRefGroup = 66A5818027B3CEEB00E3C951 /* Products */;
			projectDirPath = "";
			projectRoot = "";
			targets = (
				66A5817E27B3CEEB00E3C951 /* QuotyFun */,
			);
		};
/* End PBXProject section */

/* Begin PBXResourcesBuildPhase section */
		66A5817D27B3CEEB00E3C951 /* Resources */ = {
			isa = PBXResourcesBuildPhase;
			buildActionMask = 2147483647;
			files = (
				66A5818A27B3CEF100E3C951 /* Preview Assets.xcassets in Resources */,
				66A5818727B3CEF100E3C951 /* Assets.xcassets in Resources */,
				66AAAF4A27B521F500956D8A /* GoogleService-Info.plist in Resources */,
			);
			runOnlyForDeploymentPostprocessing = 0;
		};
/* End PBXResourcesBuildPhase section */

/* Begin PBXShellScriptBuildPhase section */
		B6977C42A4B2CB316606731D /* [CP] Check Pods Manifest.lock */ = {
			isa = PBXShellScriptBuildPhase;
			buildActionMask = 2147483647;
			files = (
			);
			inputFileListPaths = (
			);
			inputPaths = (
				"${PODS_PODFILE_DIR_PATH}/Podfile.lock",
				"${PODS_ROOT}/Manifest.lock",
			);
			name = "[CP] Check Pods Manifest.lock";
			outputFileListPaths = (
			);
			outputPaths = (
				"$(DERIVED_FILE_DIR)/Pods-QuotyFun-checkManifestLockResult.txt",
			);
			runOnlyForDeploymentPostprocessing = 0;
			shellPath = /bin/sh;
			shellScript = "diff \"${PODS_PODFILE_DIR_PATH}/Podfile.lock\" \"${PODS_ROOT}/Manifest.lock\" > /dev/null\nif [ $? != 0 ] ; then\n    # print error to STDERR\n    echo \"error: The sandbox is not in sync with the Podfile.lock. Run 'pod install' or update your CocoaPods installation.\" >&2\n    exit 1\nfi\n# This output is used by Xcode 'outputs' to avoid re-running this script phase.\necho \"SUCCESS\" > \"${SCRIPT_OUTPUT_FILE_0}\"\n";
			showEnvVarsInLog = 0;
		};
		B82EC7810BDC720ECEB2276B /* [CP] Embed Pods Frameworks */ = {
			isa = PBXShellScriptBuildPhase;
			buildActionMask = 2147483647;
			files = (
			);
			inputFileListPaths = (
				"${PODS_ROOT}/Target Support Files/Pods-QuotyFun/Pods-QuotyFun-frameworks-${CONFIGURATION}-input-files.xcfilelist",
			);
			name = "[CP] Embed Pods Frameworks";
			outputFileListPaths = (
				"${PODS_ROOT}/Target Support Files/Pods-QuotyFun/Pods-QuotyFun-frameworks-${CONFIGURATION}-output-files.xcfilelist",
			);
			runOnlyForDeploymentPostprocessing = 0;
			shellPath = /bin/sh;
			shellScript = "\"${PODS_ROOT}/Target Support Files/Pods-QuotyFun/Pods-QuotyFun-frameworks.sh\"\n";
			showEnvVarsInLog = 0;
		};
/* End PBXShellScriptBuildPhase section */

/* Begin PBXSourcesBuildPhase section */
		66A5817B27B3CEEB00E3C951 /* Sources */ = {
			isa = PBXSourcesBuildPhase;
			buildActionMask = 2147483647;
			files = (
				66A5819527B3F33F00E3C951 /* HomeView.swift in Sources */,
				66A5819B27B4222100E3C951 /* AlertView.swift in Sources */,
				66A5819927B40BBD00E3C951 /* SignUpView.swift in Sources */,
				66A5818527B3CEEB00E3C951 /* ContentView.swift in Sources */,
				66A5819727B3F41100E3C951 /* LoginView.swift in Sources */,
				66A5818327B3CEEB00E3C951 /* QuotyFunApp.swift in Sources */,
			);
			runOnlyForDeploymentPostprocessing = 0;
		};
/* End PBXSourcesBuildPhase section */

/* Begin XCBuildConfiguration section */
		66A5818B27B3CEF100E3C951 /* Debug */ = {
			isa = XCBuildConfiguration;
			buildSettings = {
				ALWAYS_SEARCH_USER_PATHS = NO;
				CLANG_ANALYZER_NONNULL = YES;
				CLANG_ANALYZER_NUMBER_OBJECT_CONVERSION = YES_AGGRESSIVE;
				CLANG_CXX_LANGUAGE_STANDARD = "gnu++17";
				CLANG_CXX_LIBRARY = "libc++";
				CLANG_ENABLE_MODULES = YES;
				CLANG_ENABLE_OBJC_ARC = YES;
				CLANG_ENABLE_OBJC_WEAK = YES;
				CLANG_WARN_BLOCK_CAPTURE_AUTORELEASING = YES;
				CLANG_WARN_BOOL_CONVERSION = YES;
				CLANG_WARN_COMMA = YES;
				CLANG_WARN_CONSTANT_CONVERSION = YES;
				CLANG_WARN_DEPRECATED_OBJC_IMPLEMENTATIONS = YES;
				CLANG_WARN_DIRECT_OBJC_ISA_USAGE = YES_ERROR;
				CLANG_WARN_DOCUMENTATION_COMMENTS = YES;
				CLANG_WARN_EMPTY_BODY = YES;
				CLANG_WARN_ENUM_CONVERSION = YES;
				CLANG_WARN_INFINITE_RECURSION = YES;
				CLANG_WARN_INT_CONVERSION = YES;
				CLANG_WARN_NON_LITERAL_NULL_CONVERSION = YES;
				CLANG_WARN_OBJC_IMPLICIT_RETAIN_SELF = YES;
				CLANG_WARN_OBJC_LITERAL_CONVERSION = YES;
				CLANG_WARN_OBJC_ROOT_CLASS = YES_ERROR;
				CLANG_WARN_QUOTED_INCLUDE_IN_FRAMEWORK_HEADER = YES;
				CLANG_WARN_RANGE_LOOP_ANALYSIS = YES;
				CLANG_WARN_STRICT_PROTOTYPES = YES;
				CLANG_WARN_SUSPICIOUS_MOVE = YES;
				CLANG_WARN_UNGUARDED_AVAILABILITY = YES_AGGRESSIVE;
				CLANG_WARN_UNREACHABLE_CODE = YES;
				CLANG_WARN__DUPLICATE_METHOD_MATCH = YES;
				COPY_PHASE_STRIP = NO;
				DEBUG_INFORMATION_FORMAT = dwarf;
				ENABLE_STRICT_OBJC_MSGSEND = YES;
				ENABLE_TESTABILITY = YES;
				GCC_C_LANGUAGE_STANDARD = gnu11;
				GCC_DYNAMIC_NO_PIC = NO;
				GCC_NO_COMMON_BLOCKS = YES;
				GCC_OPTIMIZATION_LEVEL = 0;
				GCC_PREPROCESSOR_DEFINITIONS = (
					"DEBUG=1",
					"$(inherited)",
				);
				GCC_WARN_64_TO_32_BIT_CONVERSION = YES;
				GCC_WARN_ABOUT_RETURN_TYPE = YES_ERROR;
				GCC_WARN_UNDECLARED_SELECTOR = YES;
				GCC_WARN_UNINITIALIZED_AUTOS = YES_AGGRESSIVE;
				GCC_WARN_UNUSED_FUNCTION = YES;
				GCC_WARN_UNUSED_VARIABLE = YES;
				IPHONEOS_DEPLOYMENT_TARGET = 15.2;
				MTL_ENABLE_DEBUG_INFO = INCLUDE_SOURCE;
				MTL_FAST_MATH = YES;
				ONLY_ACTIVE_ARCH = YES;
				SDKROOT = iphoneos;
				SWIFT_ACTIVE_COMPILATION_CONDITIONS = DEBUG;
				SWIFT_OPTIMIZATION_LEVEL = "-Onone";
			};
			name = Debug;
		};
		66A5818C27B3CEF100E3C951 /* Release */ = {
			isa = XCBuildConfiguration;
			buildSettings = {
				ALWAYS_SEARCH_USER_PATHS = NO;
				CLANG_ANALYZER_NONNULL = YES;
				CLANG_ANALYZER_NUMBER_OBJECT_CONVERSION = YES_AGGRESSIVE;
				CLANG_CXX_LANGUAGE_STANDARD = "gnu++17";
				CLANG_CXX_LIBRARY = "libc++";
				CLANG_ENABLE_MODULES = YES;
				CLANG_ENABLE_OBJC_ARC = YES;
				CLANG_ENABLE_OBJC_WEAK = YES;
				CLANG_WARN_BLOCK_CAPTURE_AUTORELEASING = YES;
				CLANG_WARN_BOOL_CONVERSION = YES;
				CLANG_WARN_COMMA = YES;
				CLANG_WARN_CONSTANT_CONVERSION = YES;
				CLANG_WARN_DEPRECATED_OBJC_IMPLEMENTATIONS = YES;
				CLANG_WARN_DIRECT_OBJC_ISA_USAGE = YES_ERROR;
				CLANG_WARN_DOCUMENTATION_COMMENTS = YES;
				CLANG_WARN_EMPTY_BODY = YES;
				CLANG_WARN_ENUM_CONVERSION = YES;
				CLANG_WARN_INFINITE_RECURSION = YES;
				CLANG_WARN_INT_CONVERSION = YES;
				CLANG_WARN_NON_LITERAL_NULL_CONVERSION = YES;
				CLANG_WARN_OBJC_IMPLICIT_RETAIN_SELF = YES;
				CLANG_WARN_OBJC_LITERAL_CONVERSION = YES;
				CLANG_WARN_OBJC_ROOT_CLASS = YES_ERROR;
				CLANG_WARN_QUOTED_INCLUDE_IN_FRAMEWORK_HEADER = YES;
				CLANG_WARN_RANGE_LOOP_ANALYSIS = YES;
				CLANG_WARN_STRICT_PROTOTYPES = YES;
				CLANG_WARN_SUSPICIOUS_MOVE = YES;
				CLANG_WARN_UNGUARDED_AVAILABILITY = YES_AGGRESSIVE;
				CLANG_WARN_UNREACHABLE_CODE = YES;
				CLANG_WARN__DUPLICATE_METHOD_MATCH = YES;
				COPY_PHASE_STRIP = NO;
				DEBUG_INFORMATION_FORMAT = "dwarf-with-dsym";
				ENABLE_NS_ASSERTIONS = NO;
				ENABLE_STRICT_OBJC_MSGSEND = YES;
				GCC_C_LANGUAGE_STANDARD = gnu11;
				GCC_NO_COMMON_BLOCKS = YES;
				GCC_WARN_64_TO_32_BIT_CONVERSION = YES;
				GCC_WARN_ABOUT_RETURN_TYPE = YES_ERROR;
				GCC_WARN_UNDECLARED_SELECTOR = YES;
				GCC_WARN_UNINITIALIZED_AUTOS = YES_AGGRESSIVE;
				GCC_WARN_UNUSED_FUNCTION = YES;
				GCC_WARN_UNUSED_VARIABLE = YES;
				IPHONEOS_DEPLOYMENT_TARGET = 15.2;
				MTL_ENABLE_DEBUG_INFO = NO;
				MTL_FAST_MATH = YES;
				SDKROOT = iphoneos;
				SWIFT_COMPILATION_MODE = wholemodule;
				SWIFT_OPTIMIZATION_LEVEL = "-O";
				VALIDATE_PRODUCT = YES;
			};
			name = Release;
		};
		66A5818E27B3CEF100E3C951 /* Debug */ = {
			isa = XCBuildConfiguration;
			baseConfigurationReference = 04A4F7F1B9006AED93AD8C2E /* Pods-QuotyFun.debug.xcconfig */;
			buildSettings = {
				ASSETCATALOG_COMPILER_APPICON_NAME = AppIcon;
				ASSETCATALOG_COMPILER_GLOBAL_ACCENT_COLOR_NAME = AccentColor;
				CODE_SIGN_STYLE = Automatic;
				CURRENT_PROJECT_VERSION = 1;
				DEVELOPMENT_ASSET_PATHS = "\"QuotyFun/Preview Content\"";
				DEVELOPMENT_TEAM = PSLD6XXNMC;
				ENABLE_PREVIEWS = YES;
				GENERATE_INFOPLIST_FILE = YES;
				INFOPLIST_KEY_UIApplicationSceneManifest_Generation = YES;
				INFOPLIST_KEY_UIApplicationSupportsIndirectInputEvents = YES;
				INFOPLIST_KEY_UILaunchScreen_Generation = YES;
				INFOPLIST_KEY_UISupportedInterfaceOrientations_iPad = "UIInterfaceOrientationPortrait UIInterfaceOrientationPortraitUpsideDown UIInterfaceOrientationLandscapeLeft UIInterfaceOrientationLandscapeRight";
				INFOPLIST_KEY_UISupportedInterfaceOrientations_iPhone = "UIInterfaceOrientationPortrait UIInterfaceOrientationLandscapeLeft UIInterfaceOrientationLandscapeRight";
				LD_RUNPATH_SEARCH_PATHS = (
					"$(inherited)",
					"@executable_path/Frameworks",
				);
				MARKETING_VERSION = 1.0;
				PRODUCT_BUNDLE_IDENTIFIER = com.orange.QuotyFun;
				PRODUCT_NAME = "$(TARGET_NAME)";
				SWIFT_EMIT_LOC_STRINGS = YES;
				SWIFT_VERSION = 5.0;
				TARGETED_DEVICE_FAMILY = "1,2";
			};
			name = Debug;
		};
		66A5818F27B3CEF100E3C951 /* Release */ = {
			isa = XCBuildConfiguration;
			baseConfigurationReference = 3E7B4CE35AD46B6BE6FC0317 /* Pods-QuotyFun.release.xcconfig */;
			buildSettings = {
				ASSETCATALOG_COMPILER_APPICON_NAME = AppIcon;
				ASSETCATALOG_COMPILER_GLOBAL_ACCENT_COLOR_NAME = AccentColor;
				CODE_SIGN_STYLE = Automatic;
				CURRENT_PROJECT_VERSION = 1;
				DEVELOPMENT_ASSET_PATHS = "\"QuotyFun/Preview Content\"";
				DEVELOPMENT_TEAM = PSLD6XXNMC;
				ENABLE_PREVIEWS = YES;
				GENERATE_INFOPLIST_FILE = YES;
				INFOPLIST_KEY_UIApplicationSceneManifest_Generation = YES;
				INFOPLIST_KEY_UIApplicationSupportsIndirectInputEvents = YES;
				INFOPLIST_KEY_UILaunchScreen_Generation = YES;
				INFOPLIST_KEY_UISupportedInterfaceOrientations_iPad = "UIInterfaceOrientationPortrait UIInterfaceOrientationPortraitUpsideDown UIInterfaceOrientationLandscapeLeft UIInterfaceOrientationLandscapeRight";
				INFOPLIST_KEY_UISupportedInterfaceOrientations_iPhone = "UIInterfaceOrientationPortrait UIInterfaceOrientationLandscapeLeft UIInterfaceOrientationLandscapeRight";
				LD_RUNPATH_SEARCH_PATHS = (
					"$(inherited)",
					"@executable_path/Frameworks",
				);
				MARKETING_VERSION = 1.0;
				PRODUCT_BUNDLE_IDENTIFIER = com.orange.QuotyFun;
				PRODUCT_NAME = "$(TARGET_NAME)";
				SWIFT_EMIT_LOC_STRINGS = YES;
				SWIFT_VERSION = 5.0;
				TARGETED_DEVICE_FAMILY = "1,2";
			};
			name = Release;
		};
/* End XCBuildConfiguration section */

/* Begin XCConfigurationList section */
		66A5817A27B3CEEB00E3C951 /* Build configuration list for PBXProject "QuotyFun" */ = {
			isa = XCConfigurationList;
			buildConfigurations = (
				66A5818B27B3CEF100E3C951 /* Debug */,
				66A5818C27B3CEF100E3C951 /* Release */,
			);
			defaultConfigurationIsVisible = 0;
			defaultConfigurationName = Release;
		};
		66A5818D27B3CEF100E3C951 /* Build configuration list for PBXNativeTarget "QuotyFun" */ = {
			isa = XCConfigurationList;
			buildConfigurations = (
				66A5818E27B3CEF100E3C951 /* Debug */,
				66A5818F27B3CEF100E3C951 /* Release */,
			);
			defaultConfigurationIsVisible = 0;
			defaultConfigurationName = Release;
		};
/* End XCConfigurationList section */
	};
	rootObject = 66A5817727B3CEEB00E3C951 /* Project object */;
}
